{
  "version": 4,
  "terraform_version": "1.8.0",
  "serial": 1,
  "lineage": "86cfd6d0-e7bc-0bb6-83de-34b97e2a0716",
  "outputs": {},
  "resources": [
    {
      "mode": "managed",
      "type": "random_integer",
      "name": "subnet_count",
      "provider": "provider[\"registry.terraform.io/hashicorp/random\"]",
      "instances": [
        {
          "schema_version": 0,
          "attributes": {
            "id": "1",
            "keepers": null,
            "max": 5,
            "min": 1,
            "result": 1,
            "seed": null
          },
          "sensitive_attributes": []
        }
      ]
    }
  ],
  "check_results": null
}
